
Microsoft Visual Studio Solution File, Format Version 12.00
# Visual Studio 15
VisualStudioVersion = 15.0.28307.705
MinimumVisualStudioVersion = 10.0.40219.1
Project("{9A19103F-16F7-4668-BE54-9A1E7A4F7556}") = "BlogWebApplication", "BlogWebApplication\BlogWebApplication.csproj", "{C5B39B03-C61D-45E2-AEDD-6E686456D722}"
EndProject
Project("{FAE04EC0-301F-11D3-BF4B-00C04F79EFBC}") = "BlogDAL", "BlogDAL\BlogDAL.csproj", "{02B091C5-A0EF-4392-B459-5EDA78EADF83}"
EndProject
Project("{FAE04EC0-301F-11D3-BF4B-00C04F79EFBC}") = "BlogDALTests", "BlogDALTests\BlogDALTests.csproj", "{CE39A8B1-D6B2-4EA3-964A-0F123CF942F7}"
EndProject
Project("{FAE04EC0-301F-11D3-BF4B-00C04F79EFBC}") = "BlogBLL", "BlogBLL\BlogBLL.csproj", "{CBEBE707-DD76-4565-B51E-69A35323D4BE}"
EndProject
Project("{9A19103F-16F7-4668-BE54-9A1E7A4F7556}") = "BlogDALIntegrationTests", "BlogDALIntegrationTests\BlogDALIntegrationTests.csproj", "{D8B5CD81-C1FE-4928-B97B-2499895F9493}"
EndProject
Project("{9A19103F-16F7-4668-BE54-9A1E7A4F7556}") = "BlogBLLTests", "BlogBLLTests\BlogBLLTests.csproj", "{3A4912A1-464E-429A-A35C-FDD282D70FF8}"
EndProject
Global
	GlobalSection(SolutionConfigurationPlatforms) = preSolution
		Debug|Any CPU = Debug|Any CPU
		Release|Any CPU = Release|Any CPU
	EndGlobalSection
	GlobalSection(ProjectConfigurationPlatforms) = postSolution
		{C5B39B03-C61D-45E2-AEDD-6E686456D722}.Debug|Any CPU.ActiveCfg = Debug|Any CPU
		{C5B39B03-C61D-45E2-AEDD-6E686456D722}.Debug|Any CPU.Build.0 = Debug|Any CPU
		{C5B39B03-C61D-45E2-AEDD-6E686456D722}.Release|Any CPU.ActiveCfg = Release|Any CPU
		{C5B39B03-C61D-45E2-AEDD-6E686456D722}.Release|Any CPU.Build.0 = Release|Any CPU
		{02B091C5-A0EF-4392-B459-5EDA78EADF83}.Debug|Any CPU.ActiveCfg = Debug|Any CPU
		{02B091C5-A0EF-4392-B459-5EDA78EADF83}.Debug|Any CPU.Build.0 = Debug|Any CPU
		{02B091C5-A0EF-4392-B459-5EDA78EADF83}.Release|Any CPU.ActiveCfg = Release|Any CPU
		{02B091C5-A0EF-4392-B459-5EDA78EADF83}.Release|Any CPU.Build.0 = Release|Any CPU
		{CE39A8B1-D6B2-4EA3-964A-0F123CF942F7}.Debug|Any CPU.ActiveCfg = Debug|Any CPU
		{CE39A8B1-D6B2-4EA3-964A-0F123CF942F7}.Debug|Any CPU.Build.0 = Debug|Any CPU
		{CE39A8B1-D6B2-4EA3-964A-0F123CF942F7}.Release|Any CPU.ActiveCfg = Release|Any CPU
		{CE39A8B1-D6B2-4EA3-964A-0F123CF942F7}.Release|Any CPU.Build.0 = Release|Any CPU
		{CBEBE707-DD76-4565-B51E-69A35323D4BE}.Debug|Any CPU.ActiveCfg = Debug|Any CPU
		{CBEBE707-DD76-4565-B51E-69A35323D4BE}.Debug|Any CPU.Build.0 = Debug|Any CPU
		{CBEBE707-DD76-4565-B51E-69A35323D4BE}.Release|Any CPU.ActiveCfg = Release|Any CPU
		{CBEBE707-DD76-4565-B51E-69A35323D4BE}.Release|Any CPU.Build.0 = Release|Any CPU
		{D8B5CD81-C1FE-4928-B97B-2499895F9493}.Debug|Any CPU.ActiveCfg = Debug|Any CPU
		{D8B5CD81-C1FE-4928-B97B-2499895F9493}.Debug|Any CPU.Build.0 = Debug|Any CPU
		{D8B5CD81-C1FE-4928-B97B-2499895F9493}.Release|Any CPU.ActiveCfg = Release|Any CPU
		{D8B5CD81-C1FE-4928-B97B-2499895F9493}.Release|Any CPU.Build.0 = Release|Any CPU
		{3A4912A1-464E-429A-A35C-FDD282D70FF8}.Debug|Any CPU.ActiveCfg = Debug|Any CPU
		{3A4912A1-464E-429A-A35C-FDD282D70FF8}.Debug|Any CPU.Build.0 = Debug|Any CPU
		{3A4912A1-464E-429A-A35C-FDD282D70FF8}.Release|Any CPU.ActiveCfg = Release|Any CPU
		{3A4912A1-464E-429A-A35C-FDD282D70FF8}.Release|Any CPU.Build.0 = Release|Any CPU
	EndGlobalSection
	GlobalSection(SolutionProperties) = preSolution
		HideSolutionNode = FALSE
	EndGlobalSection
	GlobalSection(ExtensibilityGlobals) = postSolution
		SolutionGuid = {13A838CB-0DE1-4427-8907-F03B0C04F8CF}
	EndGlobalSection
EndGlobal
